# THIS IS AN AUTOGENERATED FILE. DO NOT EDIT THIS FILE DIRECTLY.
# yarn lockfile v1


"@types/es6-promise@^0.0.32":
  version "0.0.32"
  resolved "https://registry.yarnpkg.com/@types/es6-promise/-/es6-promise-0.0.32.tgz#3bcf44fb1e429f3df76188c8c6d874463ba371fd"

htmlrapier.halcyon@>=6.0.1:
  version "6.0.1"
  resolved "https://registry.yarnpkg.com/htmlrapier.halcyon/-/htmlrapier.halcyon-6.0.1.tgz#03b46fcf484dd10ad25d35627225b58da4ee936d"
  dependencies:
    htmlrapier ">=7.0.0"

htmlrapier@>=10.0.0, htmlrapier@>=7.0.0:
  version "10.0.0"
  resolved "https://registry.yarnpkg.com/htmlrapier/-/htmlrapier-10.0.0.tgz#8c6fa47b8678a37e457f0708a552f9b3a14e1e84"
  dependencies:
    "@types/es6-promise" "^0.0.32"
    tslib "^1.6.1"

tslib@^1.6.1:
  version "1.7.1"
  resolved "https://registry.yarnpkg.com/tslib/-/tslib-1.7.1.tgz#bc8004164691923a79fe8378bbeb3da2017538ec"
